// !$*UTF8*$!
{
	archiveVersion = 1;
	classes = {
	};
	objectVersion = 48;
	objects = {

/* Begin PBXBuildFile section */
		B9124F912099BD07005EEA70 /* BookingController.swift in Sources */ = {isa = PBXBuildFile; fileRef = B9124F902099BD07005EEA70 /* BookingController.swift */; };
		B9364A6F20987E2800029E89 /* Bool+Toggle.swift in Sources */ = {isa = PBXBuildFile; fileRef = B9364A6E20987E2800029E89 /* Bool+Toggle.swift */; };
		B9364A7120987ECB00029E89 /* EPButton.swift in Sources */ = {isa = PBXBuildFile; fileRef = B9364A7020987ECB00029E89 /* EPButton.swift */; };
		B9364A7320987EED00029E89 /* Animations.swift in Sources */ = {isa = PBXBuildFile; fileRef = B9364A7220987EED00029E89 /* Animations.swift */; };
		B9364A7520988EBB00029E89 /* EPType.swift in Sources */ = {isa = PBXBuildFile; fileRef = B9364A7420988EBB00029E89 /* EPType.swift */; };
		B9364A7820988F9700029E89 /* vid_back_to_the_future.mp4 in Resources */ = {isa = PBXBuildFile; fileRef = B9364A7720988F9700029E89 /* vid_back_to_the_future.mp4 */; };
		B99D158E209A68F800E2BF03 /* SeatType.swift in Sources */ = {isa = PBXBuildFile; fileRef = B99D158D209A68F800E2BF03 /* SeatType.swift */; };
		B9A380E82098904B00F8CBB1 /* MediaPlayer.swift in Sources */ = {isa = PBXBuildFile; fileRef = B9A380E72098904B00F8CBB1 /* MediaPlayer.swift */; };
		B9C4061320986B2B00B5AABF /* AppDelegate.swift in Sources */ = {isa = PBXBuildFile; fileRef = B9C4061220986B2B00B5AABF /* AppDelegate.swift */; };
		B9C4061520986B2B00B5AABF /* MoviewPageController.swift in Sources */ = {isa = PBXBuildFile; fileRef = B9C4061420986B2B00B5AABF /* MoviewPageController.swift */; };
		B9C4061820986B2B00B5AABF /* Main.storyboard in Resources */ = {isa = PBXBuildFile; fileRef = B9C4061620986B2B00B5AABF /* Main.storyboard */; };
		B9C4061A20986B2B00B5AABF /* Assets.xcassets in Resources */ = {isa = PBXBuildFile; fileRef = B9C4061920986B2B00B5AABF /* Assets.xcassets */; };
		B9C4061D20986B2B00B5AABF /* LaunchScreen.storyboard in Resources */ = {isa = PBXBuildFile; fileRef = B9C4061B20986B2B00B5AABF /* LaunchScreen.storyboard */; };
		B9C4062920986C2700B5AABF /* Constants.swift in Sources */ = {isa = PBXBuildFile; fileRef = B9C4062820986C2700B5AABF /* Constants.swift */; };
		B9EAAF83209A7C4600374520 /* SeatProvider.swift in Sources */ = {isa = PBXBuildFile; fileRef = B9EAAF82209A7C4600374520 /* SeatProvider.swift */; };
		B9EAAF85209A814300374520 /* SeatRenderEngine.swift in Sources */ = {isa = PBXBuildFile; fileRef = B9EAAF84209A814300374520 /* SeatRenderEngine.swift */; };
		B9EAAF87209A85A100374520 /* SeatPicker.swift in Sources */ = {isa = PBXBuildFile; fileRef = B9EAAF86209A85A100374520 /* SeatPicker.swift */; };
/* End PBXBuildFile section */

/* Begin PBXFileReference section */
		B9124F902099BD07005EEA70 /* BookingController.swift */ = {isa = PBXFileReference; lastKnownFileType = sourcecode.swift; path = BookingController.swift; sourceTree = "<group>"; };
		B9364A6E20987E2800029E89 /* Bool+Toggle.swift */ = {isa = PBXFileReference; fileEncoding = 4; lastKnownFileType = sourcecode.swift; name = "Bool+Toggle.swift"; path = "../../../../../../../Mobile/iOS/Swift/EZTask-3.0/EZTask/EZTask/Extension/Foundation/Bool+Toggle.swift"; sourceTree = "<group>"; };
		B9364A7020987ECB00029E89 /* EPButton.swift */ = {isa = PBXFileReference; fileEncoding = 4; lastKnownFileType = sourcecode.swift; path = EPButton.swift; sourceTree = "<group>"; };
		B9364A7220987EED00029E89 /* Animations.swift */ = {isa = PBXFileReference; fileEncoding = 4; lastKnownFileType = sourcecode.swift; path = Animations.swift; sourceTree = "<group>"; };
		B9364A7420988EBB00029E89 /* EPType.swift */ = {isa = PBXFileReference; fileEncoding = 4; lastKnownFileType = sourcecode.swift; path = EPType.swift; sourceTree = "<group>"; };
		B9364A7720988F9700029E89 /* vid_back_to_the_future.mp4 */ = {isa = PBXFileReference; lastKnownFileType = file; path = vid_back_to_the_future.mp4; sourceTree = "<group>"; };
		B99D158D209A68F800E2BF03 /* SeatType.swift */ = {isa = PBXFileReference; lastKnownFileType = sourcecode.swift; path = SeatType.swift; sourceTree = "<group>"; };
		B9A380E72098904B00F8CBB1 /* MediaPlayer.swift */ = {isa = PBXFileReference; lastKnownFileType = sourcecode.swift; path = MediaPlayer.swift; sourceTree = "<group>"; };
		B9C4060F20986B2B00B5AABF /* MovieAppConcept.app */ = {isa = PBXFileReference; explicitFileType = wrapper.application; includeInIndex = 0; path = MovieAppConcept.app; sourceTree = BUILT_PRODUCTS_DIR; };
		B9C4061220986B2B00B5AABF /* AppDelegate.swift */ = {isa = PBXFileReference; lastKnownFileType = sourcecode.swift; path = AppDelegate.swift; sourceTree = "<group>"; };
		B9C4061420986B2B00B5AABF /* MoviewPageController.swift */ = {isa = PBXFileReference; lastKnownFileType = sourcecode.swift; path = MoviewPageController.swift; sourceTree = "<group>"; };
		B9C4061720986B2B00B5AABF /* Base */ = {isa = PBXFileReference; lastKnownFileType = file.storyboard; name = Base; path = Base.lproj/Main.storyboard; sourceTree = "<group>"; };
		B9C4061920986B2B00B5AABF /* Assets.xcassets */ = {isa = PBXFileReference; lastKnownFileType = folder.assetcatalog; path = Assets.xcassets; sourceTree = "<group>"; };
		B9C4061C20986B2B00B5AABF /* Base */ = {isa = PBXFileReference; lastKnownFileType = file.storyboard; name = Base; path = Base.lproj/LaunchScreen.storyboard; sourceTree = "<group>"; };
		B9C4061E20986B2B00B5AABF /* Info.plist */ = {isa = PBXFileReference; lastKnownFileType = text.plist.xml; path = Info.plist; sourceTree = "<group>"; };
		B9C4062820986C2700B5AABF /* Constants.swift */ = {isa = PBXFileReference; lastKnownFileType = sourcecode.swift; path = Constants.swift; sourceTree = "<group>"; };
		B9EAAF82209A7C4600374520 /* SeatProvider.swift */ = {isa = PBXFileReference; lastKnownFileType = sourcecode.swift; path = SeatProvider.swift; sourceTree = "<group>"; };
		B9EAAF84209A814300374520 /* SeatRenderEngine.swift */ = {isa = PBXFileReference; lastKnownFileType = sourcecode.swift; path = SeatRenderEngine.swift; sourceTree = "<group>"; };
		B9EAAF86209A85A100374520 /* SeatPicker.swift */ = {isa = PBXFileReference; lastKnownFileType = sourcecode.swift; path = SeatPicker.swift; sourceTree = "<group>"; };
/* End PBXFileReference section */

/* Begin PBXFrameworksBuildPhase section */
		B9C4060C20986B2B00B5AABF /* Frameworks */ = {
			isa = PBXFrameworksBuildPhase;
			buildActionMask = 2147483647;
			files = (
			);
			runOnlyForDeploymentPostprocessing = 0;
		};
/* End PBXFrameworksBuildPhase section */

/* Begin PBXGroup section */
		B9124F8F2099BCFB005EEA70 /* Booking */ = {
			isa = PBXGroup;
			children = (
				B9124F902099BD07005EEA70 /* BookingController.swift */,
				B99D158D209A68F800E2BF03 /* SeatType.swift */,
				B9EAAF86209A85A100374520 /* SeatPicker.swift */,
			);
			path = Booking;
			sourceTree = "<group>";
		};
		B9364A6C20987E0300029E89 /* Extension */ = {
			isa = PBXGroup;
			children = (
				B9364A7220987EED00029E89 /* Animations.swift */,
				B9364A6E20987E2800029E89 /* Bool+Toggle.swift */,
				B9364A7020987ECB00029E89 /* EPButton.swift */,
				B9364A7420988EBB00029E89 /* EPType.swift */,
			);
			path = Extension;
			sourceTree = "<group>";
		};
		B9364A7620988F8800029E89 /* Media */ = {
			isa = PBXGroup;
			children = (
				B9364A7720988F9700029E89 /* vid_back_to_the_future.mp4 */,
			);
			path = Media;
			sourceTree = "<group>";
		};
		B978F3D320988FF200139CDC /* MoviePage */ = {
			isa = PBXGroup;
			children = (
				B9C4061420986B2B00B5AABF /* MoviewPageController.swift */,
			);
			path = MoviePage;
			sourceTree = "<group>";
		};
		B9A380E62098904100F8CBB1 /* Reusable */ = {
			isa = PBXGroup;
			children = (
				B9A380E72098904B00F8CBB1 /* MediaPlayer.swift */,
			);
			path = Reusable;
			sourceTree = "<group>";
		};
		B9C4060620986B2B00B5AABF = {
			isa = PBXGroup;
			children = (
				B9C4061120986B2B00B5AABF /* MovieAppConcept */,
				B9C4061020986B2B00B5AABF /* Products */,
			);
			sourceTree = "<group>";
		};
		B9C4061020986B2B00B5AABF /* Products */ = {
			isa = PBXGroup;
			children = (
				B9C4060F20986B2B00B5AABF /* MovieAppConcept.app */,
			);
			name = Products;
			sourceTree = "<group>";
		};
		B9C4061120986B2B00B5AABF /* MovieAppConcept */ = {
			isa = PBXGroup;
			children = (
				B9EAAF81209A7C3B00374520 /* Service */,
				B9C4062620986B5C00B5AABF /* Art */,
				B9C4062720986C1E00B5AABF /* Common */,
				B9364A6C20987E0300029E89 /* Extension */,
				B9C4062420986B4300B5AABF /* Presentation */,
				B9A380E62098904100F8CBB1 /* Reusable */,
				B9C4062520986B4900B5AABF /* Storyboard */,
				B9C4061220986B2B00B5AABF /* AppDelegate.swift */,
				B9C4061E20986B2B00B5AABF /* Info.plist */,
				B9C4061B20986B2B00B5AABF /* LaunchScreen.storyboard */,
			);
			path = MovieAppConcept;
			sourceTree = "<group>";
		};
		B9C4062420986B4300B5AABF /* Presentation */ = {
			isa = PBXGroup;
			children = (
				B9124F8F2099BCFB005EEA70 /* Booking */,
				B978F3D320988FF200139CDC /* MoviePage */,
			);
			path = Presentation;
			sourceTree = "<group>";
		};
		B9C4062520986B4900B5AABF /* Storyboard */ = {
			isa = PBXGroup;
			children = (
				B9C4061620986B2B00B5AABF /* Main.storyboard */,
			);
			path = Storyboard;
			sourceTree = "<group>";
		};
		B9C4062620986B5C00B5AABF /* Art */ = {
			isa = PBXGroup;
			children = (
				B9364A7620988F8800029E89 /* Media */,
				B9C4061920986B2B00B5AABF /* Assets.xcassets */,
			);
			path = Art;
			sourceTree = "<group>";
		};
		B9C4062720986C1E00B5AABF /* Common */ = {
			isa = PBXGroup;
			children = (
				B9C4062820986C2700B5AABF /* Constants.swift */,
			);
			path = Common;
			sourceTree = "<group>";
		};
		B9EAAF81209A7C3B00374520 /* Service */ = {
			isa = PBXGroup;
			children = (
				B9EAAF82209A7C4600374520 /* SeatProvider.swift */,
				B9EAAF84209A814300374520 /* SeatRenderEngine.swift */,
			);
			path = Service;
			sourceTree = "<group>";
		};
/* End PBXGroup section */

/* Begin PBXNativeTarget section */
		B9C4060E20986B2B00B5AABF /* MovieAppConcept */ = {
			isa = PBXNativeTarget;
			buildConfigurationList = B9C4062120986B2B00B5AABF /* Build configuration list for PBXNativeTarget "MovieAppConcept" */;
			buildPhases = (
				B9C4060B20986B2B00B5AABF /* Sources */,
				B9C4060C20986B2B00B5AABF /* Frameworks */,
				B9C4060D20986B2B00B5AABF /* Resources */,
			);
			buildRules = (
			);
			dependencies = (
			);
			name = MovieAppConcept;
			productName = MovieAppConcept;
			productReference = B9C4060F20986B2B00B5AABF /* MovieAppConcept.app */;
			productType = "com.apple.product-type.application";
		};
/* End PBXNativeTarget section */

/* Begin PBXProject section */
		B9C4060720986B2B00B5AABF /* Project object */ = {
			isa = PBXProject;
			attributes = {
				LastSwiftUpdateCheck = 0920;
				LastUpgradeCheck = 0920;
				ORGANIZATIONNAME = Evgeniy;
				TargetAttributes = {
					B9C4060E20986B2B00B5AABF = {
						CreatedOnToolsVersion = 9.2;
						ProvisioningStyle = Automatic;
					};
				};
			};
			buildConfigurationList = B9C4060A20986B2B00B5AABF /* Build configuration list for PBXProject "MovieAppConcept" */;
			compatibilityVersion = "Xcode 8.0";
			developmentRegion = en;
			hasScannedForEncodings = 0;
			knownRegions = (
				en,
				Base,
			);
			mainGroup = B9C4060620986B2B00B5AABF;
			productRefGroup = B9C4061020986B2B00B5AABF /* Products */;
			projectDirPath = "";
			projectRoot = "";
			targets = (
				B9C4060E20986B2B00B5AABF /* MovieAppConcept */,
			);
		};
/* End PBXProject section */

/* Begin PBXResourcesBuildPhase section */
		B9C4060D20986B2B00B5AABF /* Resources */ = {
			isa = PBXResourcesBuildPhase;
			buildActionMask = 2147483647;
			files = (
				B9364A7820988F9700029E89 /* vid_back_to_the_future.mp4 in Resources */,
				B9C4061D20986B2B00B5AABF /* LaunchScreen.storyboard in Resources */,
				B9C4061A20986B2B00B5AABF /* Assets.xcassets in Resources */,
				B9C4061820986B2B00B5AABF /* Main.storyboard in Resources */,
			);
			runOnlyForDeploymentPostprocessing = 0;
		};
/* End PBXResourcesBuildPhase section */

/* Begin PBXSourcesBuildPhase section */
		B9C4060B20986B2B00B5AABF /* Sources */ = {
			isa = PBXSourcesBuildPhase;
			buildActionMask = 2147483647;
			files = (
				B9EAAF85209A814300374520 /* SeatRenderEngine.swift in Sources */,
				B9EAAF83209A7C4600374520 /* SeatProvider.swift in Sources */,
				B9C4061520986B2B00B5AABF /* MoviewPageController.swift in Sources */,
				B9124F912099BD07005EEA70 /* BookingController.swift in Sources */,
				B99D158E209A68F800E2BF03 /* SeatType.swift in Sources */,
				B9A380E82098904B00F8CBB1 /* MediaPlayer.swift in Sources */,
				B9364A7520988EBB00029E89 /* EPType.swift in Sources */,
				B9364A6F20987E2800029E89 /* Bool+Toggle.swift in Sources */,
				B9364A7320987EED00029E89 /* Animations.swift in Sources */,
				B9364A7120987ECB00029E89 /* EPButton.swift in Sources */,
				B9C4061320986B2B00B5AABF /* AppDelegate.swift in Sources */,
				B9EAAF87209A85A100374520 /* SeatPicker.swift in Sources */,
				B9C4062920986C2700B5AABF /* Constants.swift in Sources */,
			);
			runOnlyForDeploymentPostprocessing = 0;
		};
/* End PBXSourcesBuildPhase section */

/* Begin PBXVariantGroup section */
		B9C4061620986B2B00B5AABF /* Main.storyboard */ = {
			isa = PBXVariantGroup;
			children = (
				B9C4061720986B2B00B5AABF /* Base */,
			);
			name = Main.storyboard;
			path = .;
			sourceTree = "<group>";
		};
		B9C4061B20986B2B00B5AABF /* LaunchScreen.storyboard */ = {
			isa = PBXVariantGroup;
			children = (
				B9C4061C20986B2B00B5AABF /* Base */,
			);
			name = LaunchScreen.storyboard;
			path = .;
			sourceTree = "<group>";
		};
/* End PBXVariantGroup section */

/* Begin XCBuildConfiguration section */
		B9C4061F20986B2B00B5AABF /* Debug */ = {
			isa = XCBuildConfiguration;
			buildSettings = {
				ALWAYS_SEARCH_USER_PATHS = NO;
				CLANG_ANALYZER_NONNULL = YES;
				CLANG_ANALYZER_NUMBER_OBJECT_CONVERSION = YES_AGGRESSIVE;
				CLANG_CXX_LANGUAGE_STANDARD = "gnu++14";
				CLANG_CXX_LIBRARY = "libc++";
				CLANG_ENABLE_MODULES = YES;
				CLANG_ENABLE_OBJC_ARC = YES;
				CLANG_WARN_BLOCK_CAPTURE_AUTORELEASING = YES;
				CLANG_WARN_BOOL_CONVERSION = YES;
				CLANG_WARN_COMMA = YES;
				CLANG_WARN_CONSTANT_CONVERSION = YES;
				CLANG_WARN_DIRECT_OBJC_ISA_USAGE = YES_ERROR;
				CLANG_WARN_DOCUMENTATION_COMMENTS = YES;
				CLANG_WARN_EMPTY_BODY = YES;
				CLANG_WARN_ENUM_CONVERSION = YES;
				CLANG_WARN_INFINITE_RECURSION = YES;
				CLANG_WARN_INT_CONVERSION = YES;
				CLANG_WARN_NON_LITERAL_NULL_CONVERSION = YES;
				CLANG_WARN_OBJC_LITERAL_CONVERSION = YES;
				CLANG_WARN_OBJC_ROOT_CLASS = YES_ERROR;
				CLANG_WARN_RANGE_LOOP_ANALYSIS = YES;
				CLANG_WARN_STRICT_PROTOTYPES = YES;
				CLANG_WARN_SUSPICIOUS_MOVE = YES;
				CLANG_WARN_UNGUARDED_AVAILABILITY = YES_AGGRESSIVE;
				CLANG_WARN_UNREACHABLE_CODE = YES;
				CLANG_WARN__DUPLICATE_METHOD_MATCH = YES;
				CODE_SIGN_IDENTITY = "iPhone Developer";
				COPY_PHASE_STRIP = NO;
				DEBUG_INFORMATION_FORMAT = dwarf;
				ENABLE_STRICT_OBJC_MSGSEND = YES;
				ENABLE_TESTABILITY = YES;
				GCC_C_LANGUAGE_STANDARD = gnu11;
				GCC_DYNAMIC_NO_PIC = NO;
				GCC_NO_COMMON_BLOCKS = YES;
				GCC_OPTIMIZATION_LEVEL = 0;
				GCC_PREPROCESSOR_DEFINITIONS = (
					"DEBUG=1",
					"$(inherited)",
				);
				GCC_WARN_64_TO_32_BIT_CONVERSION = YES;
				GCC_WARN_ABOUT_RETURN_TYPE = YES_ERROR;
				GCC_WARN_UNDECLARED_SELECTOR = YES;
				GCC_WARN_UNINITIALIZED_AUTOS = YES_AGGRESSIVE;
				GCC_WARN_UNUSED_FUNCTION = YES;
				GCC_WARN_UNUSED_VARIABLE = YES;
				IPHONEOS_DEPLOYMENT_TARGET = 11.2;
				MTL_ENABLE_DEBUG_INFO = YES;
				ONLY_ACTIVE_ARCH = YES;
				SDKROOT = iphoneos;
				SWIFT_ACTIVE_COMPILATION_CONDITIONS = DEBUG;
				SWIFT_OPTIMIZATION_LEVEL = "-Onone";
			};
			name = Debug;
		};
		B9C4062020986B2B00B5AABF /* Release */ = {
			isa = XCBuildConfiguration;
			buildSettings = {
				ALWAYS_SEARCH_USER_PATHS = NO;
				CLANG_ANALYZER_NONNULL = YES;
				CLANG_ANALYZER_NUMBER_OBJECT_CONVERSION = YES_AGGRESSIVE;
				CLANG_CXX_LANGUAGE_STANDARD = "gnu++14";
				CLANG_CXX_LIBRARY = "libc++";
				CLANG_ENABLE_MODULES = YES;
				CLANG_ENABLE_OBJC_ARC = YES;
				CLANG_WARN_BLOCK_CAPTURE_AUTORELEASING = YES;
				CLANG_WARN_BOOL_CONVERSION = YES;
				CLANG_WARN_COMMA = YES;
				CLANG_WARN_CONSTANT_CONVERSION = YES;
				CLANG_WARN_DIRECT_OBJC_ISA_USAGE = YES_ERROR;
				CLANG_WARN_DOCUMENTATION_COMMENTS = YES;
				CLANG_WARN_EMPTY_BODY = YES;
				CLANG_WARN_ENUM_CONVERSION = YES;
				CLANG_WARN_INFINITE_RECURSION = YES;
				CLANG_WARN_INT_CONVERSION = YES;
				CLANG_WARN_NON_LITERAL_NULL_CONVERSION = YES;
				CLANG_WARN_OBJC_LITERAL_CONVERSION = YES;
				CLANG_WARN_OBJC_ROOT_CLASS = YES_ERROR;
				CLANG_WARN_RANGE_LOOP_ANALYSIS = YES;
				CLANG_WARN_STRICT_PROTOTYPES = YES;
				CLANG_WARN_SUSPICIOUS_MOVE = YES;
				CLANG_WARN_UNGUARDED_AVAILABILITY = YES_AGGRESSIVE;
				CLANG_WARN_UNREACHABLE_CODE = YES;
				CLANG_WARN__DUPLICATE_METHOD_MATCH = YES;
				CODE_SIGN_IDENTITY = "iPhone Developer";
				COPY_PHASE_STRIP = NO;
				DEBUG_INFORMATION_FORMAT = "dwarf-with-dsym";
				ENABLE_NS_ASSERTIONS = NO;
				ENABLE_STRICT_OBJC_MSGSEND = YES;
				GCC_C_LANGUAGE_STANDARD = gnu11;
				GCC_NO_COMMON_BLOCKS = YES;
				GCC_WARN_64_TO_32_BIT_CONVERSION = YES;
				GCC_WARN_ABOUT_RETURN_TYPE = YES_ERROR;
				GCC_WARN_UNDECLARED_SELECTOR = YES;
				GCC_WARN_UNINITIALIZED_AUTOS = YES_AGGRESSIVE;
				GCC_WARN_UNUSED_FUNCTION = YES;
				GCC_WARN_UNUSED_VARIABLE = YES;
				IPHONEOS_DEPLOYMENT_TARGET = 11.2;
				MTL_ENABLE_DEBUG_INFO = NO;
				SDKROOT = iphoneos;
				SWIFT_OPTIMIZATION_LEVEL = "-Owholemodule";
				VALIDATE_PRODUCT = YES;
			};
			name = Release;
		};
		B9C4062220986B2B00B5AABF /* Debug */ = {
			isa = XCBuildConfiguration;
			buildSettings = {
				ASSETCATALOG_COMPILER_APPICON_NAME = AppIcon;
				CODE_SIGN_STYLE = Automatic;
				DEVELOPMENT_TEAM = ZCK8L539L4;
				INFOPLIST_FILE = MovieAppConcept/Info.plist;
				LD_RUNPATH_SEARCH_PATHS = "$(inherited) @executable_path/Frameworks";
				PRODUCT_BUNDLE_IDENTIFIER = own2pwn.pp.MovieAppConcept;
				PRODUCT_NAME = "$(TARGET_NAME)";
				SWIFT_VERSION = 4.0;
				TARGETED_DEVICE_FAMILY = "1,2";
			};
			name = Debug;
		};
		B9C4062320986B2B00B5AABF /* Release */ = {
			isa = XCBuildConfiguration;
			buildSettings = {
				ASSETCATALOG_COMPILER_APPICON_NAME = AppIcon;
				CODE_SIGN_STYLE = Automatic;
				DEVELOPMENT_TEAM = ZCK8L539L4;
				INFOPLIST_FILE = MovieAppConcept/Info.plist;
				LD_RUNPATH_SEARCH_PATHS = "$(inherited) @executable_path/Frameworks";
				PRODUCT_BUNDLE_IDENTIFIER = own2pwn.pp.MovieAppConcept;
				PRODUCT_NAME = "$(TARGET_NAME)";
				SWIFT_VERSION = 4.0;
				TARGETED_DEVICE_FAMILY = "1,2";
			};
			name = Release;
		};
/* End XCBuildConfiguration section */

/* Begin XCConfigurationList section */
		B9C4060A20986B2B00B5AABF /* Build configuration list for PBXProject "MovieAppConcept" */ = {
			isa = XCConfigurationList;
			buildConfigurations = (
				B9C4061F20986B2B00B5AABF /* Debug */,
				B9C4062020986B2B00B5AABF /* Release */,
			);
			defaultConfigurationIsVisible = 0;
			defaultConfigurationName = Release;
		};
		B9C4062120986B2B00B5AABF /* Build configuration list for PBXNativeTarget "MovieAppConcept" */ = {
			isa = XCConfigurationList;
			buildConfigurations = (
				B9C4062220986B2B00B5AABF /* Debug */,
				B9C4062320986B2B00B5AABF /* Release */,
			);
			defaultConfigurationIsVisible = 0;
			defaultConfigurationName = Release;
		};
/* End XCConfigurationList section */
	};
	rootObject = B9C4060720986B2B00B5AABF /* Project object */;
}
